
Microsoft Visual Studio Solution File, Format Version 12.00
# Visual Studio 14
VisualStudioVersion = 14.0.25420.1
MinimumVisualStudioVersion = 10.0.40219.1
Project("{FAE04EC0-301F-11D3-BF4B-00C04F79EFBC}") = "PotapanjeBrodoa", "PotapanjeBrodoa\PotapanjeBrodoa.csproj", "{03B43747-1DA2-407D-BF4F-C97406673C80}"
EndProject
Project("{FAE04EC0-301F-11D3-BF4B-00C04F79EFBC}") = "Test", "Test\Test.csproj", "{BE15C377-FBE6-493A-BCD9-CEA8B1885283}"
EndProject
Global
	GlobalSection(SolutionConfigurationPlatforms) = preSolution
		Debug|Any CPU = Debug|Any CPU
		Release|Any CPU = Release|Any CPU
	EndGlobalSection
	GlobalSection(ProjectConfigurationPlatforms) = postSolution
		{03B43747-1DA2-407D-BF4F-C97406673C80}.Debug|Any CPU.ActiveCfg = Debug|Any CPU
		{03B43747-1DA2-407D-BF4F-C97406673C80}.Debug|Any CPU.Build.0 = Debug|Any CPU
		{03B43747-1DA2-407D-BF4F-C97406673C80}.Release|Any CPU.ActiveCfg = Release|Any CPU
		{03B43747-1DA2-407D-BF4F-C97406673C80}.Release|Any CPU.Build.0 = Release|Any CPU
		{BE15C377-FBE6-493A-BCD9-CEA8B1885283}.Debug|Any CPU.ActiveCfg = Debug|Any CPU
		{BE15C377-FBE6-493A-BCD9-CEA8B1885283}.Debug|Any CPU.Build.0 = Debug|Any CPU
		{BE15C377-FBE6-493A-BCD9-CEA8B1885283}.Release|Any CPU.ActiveCfg = Release|Any CPU
		{BE15C377-FBE6-493A-BCD9-CEA8B1885283}.Release|Any CPU.Build.0 = Release|Any CPU
	EndGlobalSection
	GlobalSection(SolutionProperties) = preSolution
		HideSolutionNode = FALSE
	EndGlobalSection
EndGlobal
